
Microsoft Visual Studio Solution File, Format Version 12.00
# Visual Studio Version 16
VisualStudioVersion = 16.0.29123.88
MinimumVisualStudioVersion = 10.0.40219.1
Project("{9A19103F-16F7-4668-BE54-9A1E7A4F7556}") = "accessreader", "access reader\accessreader.csproj", "{57D5FB13-7CF0-4C33-A115-BA9CD3DFE7C8}"
EndProject
Global
	GlobalSection(SolutionConfigurationPlatforms) = preSolution
		Debug|Any CPU = Debug|Any CPU
		Release|Any CPU = Release|Any CPU
	EndGlobalSection
	GlobalSection(ProjectConfigurationPlatforms) = postSolution
		{57D5FB13-7CF0-4C33-A115-BA9CD3DFE7C8}.Debug|Any CPU.ActiveCfg = Debug|Any CPU
		{57D5FB13-7CF0-4C33-A115-BA9CD3DFE7C8}.Debug|Any CPU.Build.0 = Debug|Any CPU
		{57D5FB13-7CF0-4C33-A115-BA9CD3DFE7C8}.Release|Any CPU.ActiveCfg = Release|Any CPU
		{57D5FB13-7CF0-4C33-A115-BA9CD3DFE7C8}.Release|Any CPU.Build.0 = Release|Any CPU
	EndGlobalSection
	GlobalSection(SolutionProperties) = preSolution
		HideSolutionNode = FALSE
	EndGlobalSection
	GlobalSection(ExtensibilityGlobals) = postSolution
		SolutionGuid = {1C811FAF-C07D-4540-B762-A22370C4B70B}
	EndGlobalSection
EndGlobal
